// !$*UTF8*$!
{
	archiveVersion = 1;
	classes = {
	};
	objectVersion = 77;
	objects = {

/* Begin PBXBuildFile section */
		6C5691F82F202CD2007D5125 /* SolanaSwift in Frameworks */ = {isa = PBXBuildFile; productRef = 6C5691F72F202CD2007D5125 /* SolanaSwift */; };
/* End PBXBuildFile section */

/* Begin PBXContainerItemProxy section */
		6C5691D42F20271F007D5125 /* PBXContainerItemProxy */ = {
			isa = PBXContainerItemProxy;
			containerPortal = 6C5691BE2F20271D007D5125 /* Project object */;
			proxyType = 1;
			remoteGlobalIDString = 6C5691C52F20271D007D5125;
			remoteInfo = SSHFTDemo;
		};
		6C5691DE2F20271F007D5125 /* PBXContainerItemProxy */ = {
			isa = PBXContainerItemProxy;
			containerPortal = 6C5691BE2F20271D007D5125 /* Project object */;
			proxyType = 1;
			remoteGlobalIDString = 6C5691C52F20271D007D5125;
			remoteInfo = SSHFTDemo;
		};
/* End PBXContainerItemProxy section */

/* Begin PBXFileReference section */
		6C5691C62F20271D007D5125 /* SSHFTDemo.app */ = {isa = PBXFileReference; explicitFileType = wrapper.application; includeInIndex = 0; path = SSHFTDemo.app; sourceTree = BUILT_PRODUCTS_DIR; };
		6C5691D32F20271F007D5125 /* SSHFTDemoTests.xctest */ = {isa = PBXFileReference; explicitFileType = wrapper.cfbundle; includeInIndex = 0; path = SSHFTDemoTests.xctest; sourceTree = BUILT_PRODUCTS_DIR; };
		6C5691DD2F20271F007D5125 /* SSHFTDemoUITests.xctest */ = {isa = PBXFileReference; explicitFileType = wrapper.cfbundle; includeInIndex = 0; path = SSHFTDemoUITests.xctest; sourceTree = BUILT_PRODUCTS_DIR; };
/* End PBXFileReference section */

/* Begin PBXFileSystemSynchronizedRootGroup section */
		6C5691C82F20271D007D5125 /* SSHFTDemo */ = {
			isa = PBXFileSystemSynchronizedRootGroup;
			path = SSHFTDemo;
			sourceTree = "<group>";
		};
		6C5691D62F20271F007D5125 /* SSHFTDemoTests */ = {
			isa = PBXFileSystemSynchronizedRootGroup;
			path = SSHFTDemoTests;
			sourceTree = "<group>";
		};
		6C5691E02F20271F007D5125 /* SSHFTDemoUITests */ = {
			isa = PBXFileSystemSynchronizedRootGroup;
			path = SSHFTDemoUITests;
			sourceTree = "<group>";
		};
/* End PBXFileSystemSynchronizedRootGroup section */

/* Begin PBXFrameworksBuildPhase section */
		6C5691C32F20271D007D5125 /* Frameworks */ = {
			isa = PBXFrameworksBuildPhase;
			buildActionMask = 2147483647;
			files = (
				6C5691F82F202CD2007D5125 /* SolanaSwift in Frameworks */,
			);
			runOnlyForDeploymentPostprocessing = 0;
		};
		6C5691D02F20271F007D5125 /* Frameworks */ = {
			isa = PBXFrameworksBuildPhase;
			buildActionMask = 2147483647;
			files = (
			);
			runOnlyForDeploymentPostprocessing = 0;
		};
		6C5691DA2F20271F007D5125 /* Frameworks */ = {
			isa = PBXFrameworksBuildPhase;
			buildActionMask = 2147483647;
			files = (
			);
			runOnlyForDeploymentPostprocessing = 0;
		};
/* End PBXFrameworksBuildPhase section */

/* Begin PBXGroup section */
		6C5691BD2F20271D007D5125 = {
			isa = PBXGroup;
			children = (
				6C5691C82F20271D007D5125 /* SSHFTDemo */,
				6C5691D62F20271F007D5125 /* SSHFTDemoTests */,
				6C5691E02F20271F007D5125 /* SSHFTDemoUITests */,
				6C5691F62F202CD2007D5125 /* Frameworks */,
				6C5691C72F20271D007D5125 /* Products */,
			);
			sourceTree = "<group>";
		};
		6C5691C72F20271D007D5125 /* Products */ = {
			isa = PBXGroup;
			children = (
				6C5691C62F20271D007D5125 /* SSHFTDemo.app */,
				6C5691D32F20271F007D5125 /* SSHFTDemoTests.xctest */,
				6C5691DD2F20271F007D5125 /* SSHFTDemoUITests.xctest */,
			);
			name = Products;
			sourceTree = "<group>";
		};
		6C5691F62F202CD2007D5125 /* Frameworks */ = {
			isa = PBXGroup;
			children = (
			);
			name = Frameworks;
			sourceTree = "<group>";
		};
/* End PBXGroup section */

/* Begin PBXNativeTarget section */
		6C5691C52F20271D007D5125 /* SSHFTDemo */ = {
			isa = PBXNativeTarget;
			buildConfigurationList = 6C5691E72F20271F007D5125 /* Build configuration list for PBXNativeTarget "SSHFTDemo" */;
			buildPhases = (
				6C5691C22F20271D007D5125 /* Sources */,
				6C5691C32F20271D007D5125 /* Frameworks */,
				6C5691C42F20271D007D5125 /* Resources */,
			);
			buildRules = (
			);
			dependencies = (
			);
			fileSystemSynchronizedGroups = (
				6C5691C82F20271D007D5125 /* SSHFTDemo */,
			);
			name = SSHFTDemo;
			packageProductDependencies = (
				6C5691F72F202CD2007D5125 /* SolanaSwift */,
			);
			productName = SSHFTDemo;
			productReference = 6C5691C62F20271D007D5125 /* SSHFTDemo.app */;
			productType = "com.apple.product-type.application";
		};
		6C5691D22F20271F007D5125 /* SSHFTDemoTests */ = {
			isa = PBXNativeTarget;
			buildConfigurationList = 6C5691EA2F20271F007D5125 /* Build configuration list for PBXNativeTarget "SSHFTDemoTests" */;
			buildPhases = (
				6C5691CF2F20271F007D5125 /* Sources */,
				6C5691D02F20271F007D5125 /* Frameworks */,
				6C5691D12F20271F007D5125 /* Resources */,
			);
			buildRules = (
			);
			dependencies = (
				6C5691D52F20271F007D5125 /* PBXTargetDependency */,
			);
			fileSystemSynchronizedGroups = (
				6C5691D62F20271F007D5125 /* SSHFTDemoTests */,
			);
			name = SSHFTDemoTests;
			packageProductDependencies = (
			);
			productName = SSHFTDemoTests;
			productReference = 6C5691D32F20271F007D5125 /* SSHFTDemoTests.xctest */;
			productType = "com.apple.product-type.bundle.unit-test";
		};
		6C5691DC2F20271F007D5125 /* SSHFTDemoUITests */ = {
			isa = PBXNativeTarget;
			buildConfigurationList = 6C5691ED2F20271F007D5125 /* Build configuration list for PBXNativeTarget "SSHFTDemoUITests" */;
			buildPhases = (
				6C5691D92F20271F007D5125 /* Sources */,
				6C5691DA2F20271F007D5125 /* Frameworks */,
				6C5691DB2F20271F007D5125 /* Resources */,
			);
			buildRules = (
			);
			dependencies = (
				6C5691DF2F20271F007D5125 /* PBXTargetDependency */,
			);
			fileSystemSynchronizedGroups = (
				6C5691E02F20271F007D5125 /* SSHFTDemoUITests */,
			);
			name = SSHFTDemoUITests;
			packageProductDependencies = (
			);
			productName = SSHFTDemoUITests;
			productReference = 6C5691DD2F20271F007D5125 /* SSHFTDemoUITests.xctest */;
			productType = "com.apple.product-type.bundle.ui-testing";
		};
/* End PBXNativeTarget section */

/* Begin PBXProject section */
		6C5691BE2F20271D007D5125 /* Project object */ = {
			isa = PBXProject;
			attributes = {
				BuildIndependentTargetsInParallel = 1;
				LastSwiftUpdateCheck = 2610;
				LastUpgradeCheck = 2610;
				TargetAttributes = {
					6C5691C52F20271D007D5125 = {
						CreatedOnToolsVersion = 26.1;
					};
					6C5691D22F20271F007D5125 = {
						CreatedOnToolsVersion = 26.1;
						TestTargetID = 6C5691C52F20271D007D5125;
					};
					6C5691DC2F20271F007D5125 = {
						CreatedOnToolsVersion = 26.1;
						TestTargetID = 6C5691C52F20271D007D5125;
					};
				};
			};
			buildConfigurationList = 6C5691C12F20271D007D5125 /* Build configuration list for PBXProject "SSHFTDemo" */;
			developmentRegion = en;
			hasScannedForEncodings = 0;
			knownRegions = (
				en,
				Base,
			);
			mainGroup = 6C5691BD2F20271D007D5125;
			minimizedProjectReferenceProxies = 1;
			packageReferences = (
				6C5691F52F202CAA007D5125 /* XCLocalSwiftPackageReference "../solana-swift-hft" */,
			);
			preferredProjectObjectVersion = 77;
			productRefGroup = 6C5691C72F20271D007D5125 /* Products */;
			projectDirPath = "";
			projectRoot = "";
			targets = (
				6C5691C52F20271D007D5125 /* SSHFTDemo */,
				6C5691D22F20271F007D5125 /* SSHFTDemoTests */,
				6C5691DC2F20271F007D5125 /* SSHFTDemoUITests */,
			);
		};
/* End PBXProject section */

/* Begin PBXResourcesBuildPhase section */
		6C5691C42F20271D007D5125 /* Resources */ = {
			isa = PBXResourcesBuildPhase;
			buildActionMask = 2147483647;
			files = (
			);
			runOnlyForDeploymentPostprocessing = 0;
		};
		6C5691D12F20271F007D5125 /* Resources */ = {
			isa = PBXResourcesBuildPhase;
			buildActionMask = 2147483647;
			files = (
			);
			runOnlyForDeploymentPostprocessing = 0;
		};
		6C5691DB2F20271F007D5125 /* Resources */ = {
			isa = PBXResourcesBuildPhase;
			buildActionMask = 2147483647;
			files = (
			);
			runOnlyForDeploymentPostprocessing = 0;
		};
/* End PBXResourcesBuildPhase section */

/* Begin PBXSourcesBuildPhase section */
		6C5691C22F20271D007D5125 /* Sources */ = {
			isa = PBXSourcesBuildPhase;
			buildActionMask = 2147483647;
			files = (
			);
			runOnlyForDeploymentPostprocessing = 0;
		};
		6C5691CF2F20271F007D5125 /* Sources */ = {
			isa = PBXSourcesBuildPhase;
			buildActionMask = 2147483647;
			files = (
			);
			runOnlyForDeploymentPostprocessing = 0;
		};
		6C5691D92F20271F007D5125 /* Sources */ = {
			isa = PBXSourcesBuildPhase;
			buildActionMask = 2147483647;
			files = (
			);
			runOnlyForDeploymentPostprocessing = 0;
		};
/* End PBXSourcesBuildPhase section */

/* Begin PBXTargetDependency section */
		6C5691D52F20271F007D5125 /* PBXTargetDependency */ = {
			isa = PBXTargetDependency;
			target = 6C5691C52F20271D007D5125 /* SSHFTDemo */;
			targetProxy = 6C5691D42F20271F007D5125 /* PBXContainerItemProxy */;
		};
		6C5691DF2F20271F007D5125 /* PBXTargetDependency */ = {
			isa = PBXTargetDependency;
			target = 6C5691C52F20271D007D5125 /* SSHFTDemo */;
			targetProxy = 6C5691DE2F20271F007D5125 /* PBXContainerItemProxy */;
		};
/* End PBXTargetDependency section */

/* Begin XCBuildConfiguration section */
		6C5691E52F20271F007D5125 /* Debug */ = {
			isa = XCBuildConfiguration;
			buildSettings = {
				ALWAYS_SEARCH_USER_PATHS = NO;
				ASSETCATALOG_COMPILER_GENERATE_SWIFT_ASSET_SYMBOL_EXTENSIONS = YES;
				CLANG_ANALYZER_NONNULL = YES;
				CLANG_ANALYZER_NUMBER_OBJECT_CONVERSION = YES_AGGRESSIVE;
				CLANG_CXX_LANGUAGE_STANDARD = "gnu++20";
				CLANG_ENABLE_MODULES = YES;
				CLANG_ENABLE_OBJC_ARC = YES;
				CLANG_ENABLE_OBJC_WEAK = YES;
				CLANG_WARN_BLOCK_CAPTURE_AUTORELEASING = YES;
				CLANG_WARN_BOOL_CONVERSION = YES;
				CLANG_WARN_COMMA = YES;
				CLANG_WARN_CONSTANT_CONVERSION = YES;
				CLANG_WARN_DEPRECATED_OBJC_IMPLEMENTATIONS = YES;
				CLANG_WARN_DIRECT_OBJC_ISA_USAGE = YES_ERROR;
				CLANG_WARN_DOCUMENTATION_COMMENTS = YES;
				CLANG_WARN_EMPTY_BODY = YES;
				CLANG_WARN_ENUM_CONVERSION = YES;
				CLANG_WARN_INFINITE_RECURSION = YES;
				CLANG_WARN_INT_CONVERSION = YES;
				CLANG_WARN_NON_LITERAL_NULL_CONVERSION = YES;
				CLANG_WARN_OBJC_IMPLICIT_RETAIN_SELF = YES;
				CLANG_WARN_OBJC_LITERAL_CONVERSION = YES;
				CLANG_WARN_OBJC_ROOT_CLASS = YES_ERROR;
				CLANG_WARN_QUOTED_INCLUDE_IN_FRAMEWORK_HEADER = YES;
				CLANG_WARN_RANGE_LOOP_ANALYSIS = YES;
				CLANG_WARN_STRICT_PROTOTYPES = YES;
				CLANG_WARN_SUSPICIOUS_MOVE = YES;
				CLANG_WARN_UNGUARDED_AVAILABILITY = YES_AGGRESSIVE;
				CLANG_WARN_UNREACHABLE_CODE = YES;
				CLANG_WARN__DUPLICATE_METHOD_MATCH = YES;
				COPY_PHASE_STRIP = NO;
				DEBUG_INFORMATION_FORMAT = dwarf;
				ENABLE_STRICT_OBJC_MSGSEND = YES;
				ENABLE_TESTABILITY = YES;
				ENABLE_USER_SCRIPT_SANDBOXING = YES;
				GCC_C_LANGUAGE_STANDARD = gnu17;
				GCC_DYNAMIC_NO_PIC = NO;
				GCC_NO_COMMON_BLOCKS = YES;
				GCC_OPTIMIZATION_LEVEL = 0;
				GCC_PREPROCESSOR_DEFINITIONS = (
					"DEBUG=1",
					"$(inherited)",
				);
				GCC_WARN_64_TO_32_BIT_CONVERSION = YES;
				GCC_WARN_ABOUT_RETURN_TYPE = YES_ERROR;
				GCC_WARN_UNDECLARED_SELECTOR = YES;
				GCC_WARN_UNINITIALIZED_AUTOS = YES_AGGRESSIVE;
				GCC_WARN_UNUSED_FUNCTION = YES;
				GCC_WARN_UNUSED_VARIABLE = YES;
				IPHONEOS_DEPLOYMENT_TARGET = 26.1;
				LOCALIZATION_PREFERS_STRING_CATALOGS = YES;
				MTL_ENABLE_DEBUG_INFO = INCLUDE_SOURCE;
				MTL_FAST_MATH = YES;
				ONLY_ACTIVE_ARCH = YES;
				SDKROOT = iphoneos;
				SWIFT_ACTIVE_COMPILATION_CONDITIONS = "DEBUG $(inherited)";
				SWIFT_OPTIMIZATION_LEVEL = "-Onone";
			};
			name = Debug;
		};
		6C5691E62F20271F007D5125 /* Release */ = {
			isa = XCBuildConfiguration;
			buildSettings = {
				ALWAYS_SEARCH_USER_PATHS = NO;
				ASSETCATALOG_COMPILER_GENERATE_SWIFT_ASSET_SYMBOL_EXTENSIONS = YES;
				CLANG_ANALYZER_NONNULL = YES;
				CLANG_ANALYZER_NUMBER_OBJECT_CONVERSION = YES_AGGRESSIVE;
				CLANG_CXX_LANGUAGE_STANDARD = "gnu++20";
				CLANG_ENABLE_MODULES = YES;
				CLANG_ENABLE_OBJC_ARC = YES;
				CLANG_ENABLE_OBJC_WEAK = YES;
				CLANG_WARN_BLOCK_CAPTURE_AUTORELEASING = YES;
				CLANG_WARN_BOOL_CONVERSION = YES;
				CLANG_WARN_COMMA = YES;
				CLANG_WARN_CONSTANT_CONVERSION = YES;
				CLANG_WARN_DEPRECATED_OBJC_IMPLEMENTATIONS = YES;
				CLANG_WARN_DIRECT_OBJC_ISA_USAGE = YES_ERROR;
				CLANG_WARN_DOCUMENTATION_COMMENTS = YES;
				CLANG_WARN_EMPTY_BODY = YES;
				CLANG_WARN_ENUM_CONVERSION = YES;
				CLANG_WARN_INFINITE_RECURSION = YES;
				CLANG_WARN_INT_CONVERSION = YES;
				CLANG_WARN_NON_LITERAL_NULL_CONVERSION = YES;
				CLANG_WARN_OBJC_IMPLICIT_RETAIN_SELF = YES;
				CLANG_WARN_OBJC_LITERAL_CONVERSION = YES;
				CLANG_WARN_OBJC_ROOT_CLASS = YES_ERROR;
				CLANG_WARN_QUOTED_INCLUDE_IN_FRAMEWORK_HEADER = YES;
				CLANG_WARN_RANGE_LOOP_ANALYSIS = YES;
				CLANG_WARN_STRICT_PROTOTYPES = YES;
				CLANG_WARN_SUSPICIOUS_MOVE = YES;
				CLANG_WARN_UNGUARDED_AVAILABILITY = YES_AGGRESSIVE;
				CLANG_WARN_UNREACHABLE_CODE = YES;
				CLANG_WARN__DUPLICATE_METHOD_MATCH = YES;
				COPY_PHASE_STRIP = NO;
				DEBUG_INFORMATION_FORMAT = "dwarf-with-dsym";
				ENABLE_NS_ASSERTIONS = NO;
				ENABLE_STRICT_OBJC_MSGSEND = YES;
				ENABLE_USER_SCRIPT_SANDBOXING = YES;
				GCC_C_LANGUAGE_STANDARD = gnu17;
				GCC_NO_COMMON_BLOCKS = YES;
				GCC_WARN_64_TO_32_BIT_CONVERSION = YES;
				GCC_WARN_ABOUT_RETURN_TYPE = YES_ERROR;
				GCC_WARN_UNDECLARED_SELECTOR = YES;
				GCC_WARN_UNINITIALIZED_AUTOS = YES_AGGRESSIVE;
				GCC_WARN_UNUSED_FUNCTION = YES;
				GCC_WARN_UNUSED_VARIABLE = YES;
				IPHONEOS_DEPLOYMENT_TARGET = 26.1;
				LOCALIZATION_PREFERS_STRING_CATALOGS = YES;
				MTL_ENABLE_DEBUG_INFO = NO;
				MTL_FAST_MATH = YES;
				SDKROOT = iphoneos;
				SWIFT_COMPILATION_MODE = wholemodule;
				VALIDATE_PRODUCT = YES;
			};
			name = Release;
		};
		6C5691E82F20271F007D5125 /* Debug */ = {
			isa = XCBuildConfiguration;
			buildSettings = {
				ASSETCATALOG_COMPILER_APPICON_NAME = AppIcon;
				ASSETCATALOG_COMPILER_GLOBAL_ACCENT_COLOR_NAME = AccentColor;
				CODE_SIGN_STYLE = Automatic;
				CURRENT_PROJECT_VERSION = 1;
				ENABLE_PREVIEWS = YES;
				GENERATE_INFOPLIST_FILE = YES;
				INFOPLIST_KEY_UIApplicationSceneManifest_Generation = YES;
				INFOPLIST_KEY_UIApplicationSupportsIndirectInputEvents = YES;
				INFOPLIST_KEY_UILaunchScreen_Generation = YES;
				INFOPLIST_KEY_UISupportedInterfaceOrientations_iPad = "UIInterfaceOrientationPortrait UIInterfaceOrientationPortraitUpsideDown UIInterfaceOrientationLandscapeLeft UIInterfaceOrientationLandscapeRight";
				INFOPLIST_KEY_UISupportedInterfaceOrientations_iPhone = "UIInterfaceOrientationPortrait UIInterfaceOrientationLandscapeLeft UIInterfaceOrientationLandscapeRight";
				LD_RUNPATH_SEARCH_PATHS = (
					"$(inherited)",
					"@executable_path/Frameworks",
				);
				MARKETING_VERSION = 1.0;
				PRODUCT_BUNDLE_IDENTIFIER = personal.SSHFTDemo;
				PRODUCT_NAME = "$(TARGET_NAME)";
				STRING_CATALOG_GENERATE_SYMBOLS = YES;
				SWIFT_APPROACHABLE_CONCURRENCY = YES;
				SWIFT_DEFAULT_ACTOR_ISOLATION = MainActor;
				SWIFT_EMIT_LOC_STRINGS = YES;
				SWIFT_UPCOMING_FEATURE_MEMBER_IMPORT_VISIBILITY = YES;
				SWIFT_VERSION = 5.0;
				TARGETED_DEVICE_FAMILY = "1,2";
			};
			name = Debug;
		};
		6C5691E92F20271F007D5125 /* Release */ = {
			isa = XCBuildConfiguration;
			buildSettings = {
				ASSETCATALOG_COMPILER_APPICON_NAME = AppIcon;
				ASSETCATALOG_COMPILER_GLOBAL_ACCENT_COLOR_NAME = AccentColor;
				CODE_SIGN_STYLE = Automatic;
				CURRENT_PROJECT_VERSION = 1;
				ENABLE_PREVIEWS = YES;
				GENERATE_INFOPLIST_FILE = YES;
				INFOPLIST_KEY_UIApplicationSceneManifest_Generation = YES;
				INFOPLIST_KEY_UIApplicationSupportsIndirectInputEvents = YES;
				INFOPLIST_KEY_UILaunchScreen_Generation = YES;
				INFOPLIST_KEY_UISupportedInterfaceOrientations_iPad = "UIInterfaceOrientationPortrait UIInterfaceOrientationPortraitUpsideDown UIInterfaceOrientationLandscapeLeft UIInterfaceOrientationLandscapeRight";
				INFOPLIST_KEY_UISupportedInterfaceOrientations_iPhone = "UIInterfaceOrientationPortrait UIInterfaceOrientationLandscapeLeft UIInterfaceOrientationLandscapeRight";
				LD_RUNPATH_SEARCH_PATHS = (
					"$(inherited)",
					"@executable_path/Frameworks",
				);
				MARKETING_VERSION = 1.0;
				PRODUCT_BUNDLE_IDENTIFIER = personal.SSHFTDemo;
				PRODUCT_NAME = "$(TARGET_NAME)";
				STRING_CATALOG_GENERATE_SYMBOLS = YES;
				SWIFT_APPROACHABLE_CONCURRENCY = YES;
				SWIFT_DEFAULT_ACTOR_ISOLATION = MainActor;
				SWIFT_EMIT_LOC_STRINGS = YES;
				SWIFT_UPCOMING_FEATURE_MEMBER_IMPORT_VISIBILITY = YES;
				SWIFT_VERSION = 5.0;
				TARGETED_DEVICE_FAMILY = "1,2";
			};
			name = Release;
		};
		6C5691EB2F20271F007D5125 /* Debug */ = {
			isa = XCBuildConfiguration;
			buildSettings = {
				BUNDLE_LOADER = "$(TEST_HOST)";
				CODE_SIGN_STYLE = Automatic;
				CURRENT_PROJECT_VERSION = 1;
				GENERATE_INFOPLIST_FILE = YES;
				IPHONEOS_DEPLOYMENT_TARGET = 26.1;
				MARKETING_VERSION = 1.0;
				PRODUCT_BUNDLE_IDENTIFIER = personal.SSHFTDemoTests;
				PRODUCT_NAME = "$(TARGET_NAME)";
				STRING_CATALOG_GENERATE_SYMBOLS = NO;
				SWIFT_APPROACHABLE_CONCURRENCY = YES;
				SWIFT_EMIT_LOC_STRINGS = NO;
				SWIFT_UPCOMING_FEATURE_MEMBER_IMPORT_VISIBILITY = YES;
				SWIFT_VERSION = 5.0;
				TARGETED_DEVICE_FAMILY = "1,2";
				TEST_HOST = "$(BUILT_PRODUCTS_DIR)/SSHFTDemo.app/$(BUNDLE_EXECUTABLE_FOLDER_PATH)/SSHFTDemo";
			};
			name = Debug;
		};
		6C5691EC2F20271F007D5125 /* Release */ = {
			isa = XCBuildConfiguration;
			buildSettings = {
				BUNDLE_LOADER = "$(TEST_HOST)";
				CODE_SIGN_STYLE = Automatic;
				CURRENT_PROJECT_VERSION = 1;
				GENERATE_INFOPLIST_FILE = YES;
				IPHONEOS_DEPLOYMENT_TARGET = 26.1;
				MARKETING_VERSION = 1.0;
				PRODUCT_BUNDLE_IDENTIFIER = personal.SSHFTDemoTests;
				PRODUCT_NAME = "$(TARGET_NAME)";
				STRING_CATALOG_GENERATE_SYMBOLS = NO;
				SWIFT_APPROACHABLE_CONCURRENCY = YES;
				SWIFT_EMIT_LOC_STRINGS = NO;
				SWIFT_UPCOMING_FEATURE_MEMBER_IMPORT_VISIBILITY = YES;
				SWIFT_VERSION = 5.0;
				TARGETED_DEVICE_FAMILY = "1,2";
				TEST_HOST = "$(BUILT_PRODUCTS_DIR)/SSHFTDemo.app/$(BUNDLE_EXECUTABLE_FOLDER_PATH)/SSHFTDemo";
			};
			name = Release;
		};
		6C5691EE2F20271F007D5125 /* Debug */ = {
			isa = XCBuildConfiguration;
			buildSettings = {
				CODE_SIGN_STYLE = Automatic;
				CURRENT_PROJECT_VERSION = 1;
				GENERATE_INFOPLIST_FILE = YES;
				MARKETING_VERSION = 1.0;
				PRODUCT_BUNDLE_IDENTIFIER = personal.SSHFTDemoUITests;
				PRODUCT_NAME = "$(TARGET_NAME)";
				STRING_CATALOG_GENERATE_SYMBOLS = NO;
				SWIFT_APPROACHABLE_CONCURRENCY = YES;
				SWIFT_EMIT_LOC_STRINGS = NO;
				SWIFT_UPCOMING_FEATURE_MEMBER_IMPORT_VISIBILITY = YES;
				SWIFT_VERSION = 5.0;
				TARGETED_DEVICE_FAMILY = "1,2";
				TEST_TARGET_NAME = SSHFTDemo;
			};
			name = Debug;
		};
		6C5691EF2F20271F007D5125 /* Release */ = {
			isa = XCBuildConfiguration;
			buildSettings = {
				CODE_SIGN_STYLE = Automatic;
				CURRENT_PROJECT_VERSION = 1;
				GENERATE_INFOPLIST_FILE = YES;
				MARKETING_VERSION = 1.0;
				PRODUCT_BUNDLE_IDENTIFIER = personal.SSHFTDemoUITests;
				PRODUCT_NAME = "$(TARGET_NAME)";
				STRING_CATALOG_GENERATE_SYMBOLS = NO;
				SWIFT_APPROACHABLE_CONCURRENCY = YES;
				SWIFT_EMIT_LOC_STRINGS = NO;
				SWIFT_UPCOMING_FEATURE_MEMBER_IMPORT_VISIBILITY = YES;
				SWIFT_VERSION = 5.0;
				TARGETED_DEVICE_FAMILY = "1,2";
				TEST_TARGET_NAME = SSHFTDemo;
			};
			name = Release;
		};
/* End XCBuildConfiguration section */

/* Begin XCConfigurationList section */
		6C5691C12F20271D007D5125 /* Build configuration list for PBXProject "SSHFTDemo" */ = {
			isa = XCConfigurationList;
			buildConfigurations = (
				6C5691E52F20271F007D5125 /* Debug */,
				6C5691E62F20271F007D5125 /* Release */,
			);
			defaultConfigurationIsVisible = 0;
			defaultConfigurationName = Release;
		};
		6C5691E72F20271F007D5125 /* Build configuration list for PBXNativeTarget "SSHFTDemo" */ = {
			isa = XCConfigurationList;
			buildConfigurations = (
				6C5691E82F20271F007D5125 /* Debug */,
				6C5691E92F20271F007D5125 /* Release */,
			);
			defaultConfigurationIsVisible = 0;
			defaultConfigurationName = Release;
		};
		6C5691EA2F20271F007D5125 /* Build configuration list for PBXNativeTarget "SSHFTDemoTests" */ = {
			isa = XCConfigurationList;
			buildConfigurations = (
				6C5691EB2F20271F007D5125 /* Debug */,
				6C5691EC2F20271F007D5125 /* Release */,
			);
			defaultConfigurationIsVisible = 0;
			defaultConfigurationName = Release;
		};
		6C5691ED2F20271F007D5125 /* Build configuration list for PBXNativeTarget "SSHFTDemoUITests" */ = {
			isa = XCConfigurationList;
			buildConfigurations = (
				6C5691EE2F20271F007D5125 /* Debug */,
				6C5691EF2F20271F007D5125 /* Release */,
			);
			defaultConfigurationIsVisible = 0;
			defaultConfigurationName = Release;
		};
/* End XCConfigurationList section */

/* Begin XCLocalSwiftPackageReference section */
		6C5691F52F202CAA007D5125 /* XCLocalSwiftPackageReference "../solana-swift-hft" */ = {
			isa = XCLocalSwiftPackageReference;
			relativePath = "../solana-swift-hft";
		};
/* End XCLocalSwiftPackageReference section */

/* Begin XCSwiftPackageProductDependency section */
		6C5691F72F202CD2007D5125 /* SolanaSwift */ = {
			isa = XCSwiftPackageProductDependency;
			package = 6C5691F52F202CAA007D5125 /* XCLocalSwiftPackageReference "../solana-swift-hft" */;
			productName = SolanaSwift;
		};
/* End XCSwiftPackageProductDependency section */
	};
	rootObject = 6C5691BE2F20271D007D5125 /* Project object */;
}
